{
  "lockfileVersion": 1,
  "configVersion": 1,
  "workspaces": {
    "": {
      "name": "crd-schema-sync",
      "dependencies": {
        "@octokit/rest": "22.0.1",
        "cac": "6.7.14",
        "js-yaml": "4.1.1",
        "openapi-schema-validator": "12.1.3",
        "pino": "10.1.0",
        "yaml": "2.8.2",
      },
      "devDependencies": {
        "@types/bun": "latest",
        "@types/js-yaml": "4.0.9",
        "@types/node": "20.10.6",
        "oxfmt": "0.17.0",
        "oxlint": "1.32.0",
        "oxlint-tsgolint": "0.8.4",
        "typescript": "5.9.3",
      },
    },
  },
  "packages": {
    "@octokit/auth-token": ["@octokit/auth-token@6.0.0", "", {}, "sha512-P4YJBPdPSpWTQ1NU4XYdvHvXJJDxM6YwpS0FZHRgP7YFkdVxsWcpWGy/NVqlAA7PcPCnMacXlRm1y2PFZRWL/w=="],

    "@octokit/core": ["@octokit/core@7.0.6", "", { "dependencies": { "@octokit/auth-token": "^6.0.0", "@octokit/graphql": "^9.0.3", "@octokit/request": "^10.0.6", "@octokit/request-error": "^7.0.2", "@octokit/types": "^16.0.0", "before-after-hook": "^4.0.0", "universal-user-agent": "^7.0.0" } }, "sha512-DhGl4xMVFGVIyMwswXeyzdL4uXD5OGILGX5N8Y+f6W7LhC1Ze2poSNrkF/fedpVDHEEZ+PHFW0vL14I+mm8K3Q=="],

    "@octokit/endpoint": ["@octokit/endpoint@11.0.2", "", { "dependencies": { "@octokit/types": "^16.0.0", "universal-user-agent": "^7.0.2" } }, "sha512-4zCpzP1fWc7QlqunZ5bSEjxc6yLAlRTnDwKtgXfcI/FxxGoqedDG8V2+xJ60bV2kODqcGB+nATdtap/XYq2NZQ=="],

    "@octokit/graphql": ["@octokit/graphql@9.0.3", "", { "dependencies": { "@octokit/request": "^10.0.6", "@octokit/types": "^16.0.0", "universal-user-agent": "^7.0.0" } }, "sha512-grAEuupr/C1rALFnXTv6ZQhFuL1D8G5y8CN04RgrO4FIPMrtm+mcZzFG7dcBm+nq+1ppNixu+Jd78aeJOYxlGA=="],

    "@octokit/openapi-types": ["@octokit/openapi-types@27.0.0", "", {}, "sha512-whrdktVs1h6gtR+09+QsNk2+FO+49j6ga1c55YZudfEG+oKJVvJLQi3zkOm5JjiUXAagWK2tI2kTGKJ2Ys7MGA=="],

    "@octokit/plugin-paginate-rest": ["@octokit/plugin-paginate-rest@14.0.0", "", { "dependencies": { "@octokit/types": "^16.0.0" }, "peerDependencies": { "@octokit/core": ">=6" } }, "sha512-fNVRE7ufJiAA3XUrha2omTA39M6IXIc6GIZLvlbsm8QOQCYvpq/LkMNGyFlB1d8hTDzsAXa3OKtybdMAYsV/fw=="],

    "@octokit/plugin-request-log": ["@octokit/plugin-request-log@6.0.0", "", { "peerDependencies": { "@octokit/core": ">=6" } }, "sha512-UkOzeEN3W91/eBq9sPZNQ7sUBvYCqYbrrD8gTbBuGtHEuycE4/awMXcYvx6sVYo7LypPhmQwwpUe4Yyu4QZN5Q=="],

    "@octokit/plugin-rest-endpoint-methods": ["@octokit/plugin-rest-endpoint-methods@17.0.0", "", { "dependencies": { "@octokit/types": "^16.0.0" }, "peerDependencies": { "@octokit/core": ">=6" } }, "sha512-B5yCyIlOJFPqUUeiD0cnBJwWJO8lkJs5d8+ze9QDP6SvfiXSz1BF+91+0MeI1d2yxgOhU/O+CvtiZ9jSkHhFAw=="],

    "@octokit/request": ["@octokit/request@10.0.7", "", { "dependencies": { "@octokit/endpoint": "^11.0.2", "@octokit/request-error": "^7.0.2", "@octokit/types": "^16.0.0", "fast-content-type-parse": "^3.0.0", "universal-user-agent": "^7.0.2" } }, "sha512-v93h0i1yu4idj8qFPZwjehoJx4j3Ntn+JhXsdJrG9pYaX6j/XRz2RmasMUHtNgQD39nrv/VwTWSqK0RNXR8upA=="],

    "@octokit/request-error": ["@octokit/request-error@7.1.0", "", { "dependencies": { "@octokit/types": "^16.0.0" } }, "sha512-KMQIfq5sOPpkQYajXHwnhjCC0slzCNScLHs9JafXc4RAJI+9f+jNDlBNaIMTvazOPLgb4BnlhGJOTbnN0wIjPw=="],

    "@octokit/rest": ["@octokit/rest@22.0.1", "", { "dependencies": { "@octokit/core": "^7.0.6", "@octokit/plugin-paginate-rest": "^14.0.0", "@octokit/plugin-request-log": "^6.0.0", "@octokit/plugin-rest-endpoint-methods": "^17.0.0" } }, "sha512-Jzbhzl3CEexhnivb1iQ0KJ7s5vvjMWcmRtq5aUsKmKDrRW6z3r84ngmiFKFvpZjpiU/9/S6ITPFRpn5s/3uQJw=="],

    "@octokit/types": ["@octokit/types@16.0.0", "", { "dependencies": { "@octokit/openapi-types": "^27.0.0" } }, "sha512-sKq+9r1Mm4efXW1FCk7hFSeJo4QKreL/tTbR0rz/qx/r1Oa2VV83LTA/H/MuCOX7uCIJmQVRKBcbmWoySjAnSg=="],

    "@oxfmt/darwin-arm64": ["@oxfmt/darwin-arm64@0.17.0", "", { "os": "darwin", "cpu": "arm64" }, "sha512-OMv0tOb+xiwSZKjYbM6TwMSP5QwFJlBGQmEsk98QJ30sHhdyC//0UvGKuR0KZuzZW4E0+k0rHDmos1Z5DmBEkA=="],

    "@oxfmt/darwin-x64": ["@oxfmt/darwin-x64@0.17.0", "", { "os": "darwin", "cpu": "x64" }, "sha512-trzidyzryKIdL/cLCYU9IwprgJegVBUrz1rqzOMe5is+qdgH/RxTCvhYUNFzxRHpil3g4QUYd2Ja831tc5Nehg=="],

    "@oxfmt/linux-arm64-gnu": ["@oxfmt/linux-arm64-gnu@0.17.0", "", { "os": "linux", "cpu": "arm64" }, "sha512-KlwzidgvHznbUaaglZT1goTS30osTV553pfbKve9B1PyTDkluNDfm/polOaf3SVLN7wL/NNLFZRMupvJ1eJXAw=="],

    "@oxfmt/linux-arm64-musl": ["@oxfmt/linux-arm64-musl@0.17.0", "", { "os": "linux", "cpu": "arm64" }, "sha512-+tbYJTocF4BNLaQQbc/xrBWTNgiU6zmYeF4NvRDxuuQjDOnmUZPn0EED3PZBRJyg4/YllhplHDo8x+gfcb9G3A=="],

    "@oxfmt/linux-x64-gnu": ["@oxfmt/linux-x64-gnu@0.17.0", "", { "os": "linux", "cpu": "x64" }, "sha512-pEmv7zJIw2HpnA4Tn1xrfJNGi2wOH2+usT14Pkvf/c5DdB+pOir6k/5jzfe70+V3nEtmtV9Lm+spndN/y6+X7A=="],

    "@oxfmt/linux-x64-musl": ["@oxfmt/linux-x64-musl@0.17.0", "", { "os": "linux", "cpu": "x64" }, "sha512-+DrFSCZWyFdtEAWR5xIBTV8GX0RA9iB+y7ZlJPRAXrNG8TdBY9vc7/MIGolIgrkMPK4mGMn07YG/qEyPY+iKaw=="],

    "@oxfmt/win32-arm64": ["@oxfmt/win32-arm64@0.17.0", "", { "os": "win32", "cpu": "arm64" }, "sha512-FoUZRR7mVpTYIaY/qz2BYwzqMnL+HsUxmMWAIy6nl29UEkDgxNygULJ4rIGY4/Axne41fhtldLrSGBOpwNm3jA=="],

    "@oxfmt/win32-x64": ["@oxfmt/win32-x64@0.17.0", "", { "os": "win32", "cpu": "x64" }, "sha512-fBIcUpHmCwf3leWlo0cYwLb9Pd2mzxQlZYJX9dD9nylPvsxOnsy9fmsaflpj34O0JbQJN3Y0SRkoaCcHHlxFww=="],

    "@oxlint-tsgolint/darwin-arm64": ["@oxlint-tsgolint/darwin-arm64@0.8.4", "", { "os": "darwin", "cpu": "arm64" }, "sha512-aygL+K1tOIDXkGncB8q6DbwQjK6CD81sfsUNmhQUcYNNgpOAc88BWyCR3Si8/nlu4sQOdydmfjeVJqJsHaQUxQ=="],

    "@oxlint-tsgolint/darwin-x64": ["@oxlint-tsgolint/darwin-x64@0.8.4", "", { "os": "darwin", "cpu": "x64" }, "sha512-rc4iOtwir3eK+f4eh8EzYyVvtwNlkIP+7WkVfkFydNJ1wzzrAZvn2TT1C9U6vcFaaDp2aDM3jie3ZwmMghQxbA=="],

    "@oxlint-tsgolint/linux-arm64": ["@oxlint-tsgolint/linux-arm64@0.8.4", "", { "os": "linux", "cpu": "arm64" }, "sha512-Wbdr640YAG7++2GAeHGDDijA69XwC3xQRp4hgaz6wR+JK6VWXQpeaHKW8v9axNLH9AVlnjUbEpZSh2MPkOpF3Q=="],

    "@oxlint-tsgolint/linux-x64": ["@oxlint-tsgolint/linux-x64@0.8.4", "", { "os": "linux", "cpu": "x64" }, "sha512-nWg57xz4xA++COoEb26RnwiMOOA+wfzipOSfqz/xSCwEXQDKryXfYMl7no7a3MsneHP2f4/JbOrDHbYishm3rw=="],

    "@oxlint-tsgolint/win32-arm64": ["@oxlint-tsgolint/win32-arm64@0.8.4", "", { "os": "win32", "cpu": "arm64" }, "sha512-LwRTv/30zlms4BaJrfW+ZnihdIvOku0Rrdo0FfMwSt7HlYfZdoB1yibTkC8yLfRlnbxyR0d57AQPjRasKAgyyQ=="],

    "@oxlint-tsgolint/win32-x64": ["@oxlint-tsgolint/win32-x64@0.8.4", "", { "os": "win32", "cpu": "x64" }, "sha512-jg2OezQ4Wwe+B3bOAUWH3CQdu/r5XtYwG/mwmgueL4KLmbJyO47w40hjBESHHgD8057BuHhJrf7lZpZN80bdzw=="],

    "@oxlint/darwin-arm64": ["@oxlint/darwin-arm64@1.32.0", "", { "os": "darwin", "cpu": "arm64" }, "sha512-yrqPmZYu5Qb+49h0P5EXVIq8VxYkDDM6ZQrWzlh16+UGFcD8HOXs4oF3g9RyfaoAbShLCXooSQsM/Ifwx8E/eQ=="],

    "@oxlint/darwin-x64": ["@oxlint/darwin-x64@1.32.0", "", { "os": "darwin", "cpu": "x64" }, "sha512-pQRZrJG/2nAKc3IuocFbaFFbTDlQsjz2WfivRsMn0hw65EEsSuM84WMFMiAfLpTGyTICeUtHZLHlrM5lzVr36A=="],

    "@oxlint/linux-arm64-gnu": ["@oxlint/linux-arm64-gnu@1.32.0", "", { "os": "linux", "cpu": "arm64" }, "sha512-tyomSmU2DzwcTmbaWFmStHgVfRmJDDvqcIvcw4fRB1YlL2Qg/XaM4NJ0m2bdTap38gxD5FSxSgCo0DkQ8GTolg=="],

    "@oxlint/linux-arm64-musl": ["@oxlint/linux-arm64-musl@1.32.0", "", { "os": "linux", "cpu": "arm64" }, "sha512-0W46dRMaf71OGE4+Rd+GHfS1uF/UODl5Mef6871pMhN7opPGfTI2fKJxh9VzRhXeSYXW/Z1EuCq9yCfmIJq+5Q=="],

    "@oxlint/linux-x64-gnu": ["@oxlint/linux-x64-gnu@1.32.0", "", { "os": "linux", "cpu": "x64" }, "sha512-5+6myVCBOMvM62rDB9T3CARXUvIwhGqte6E+HoKRwYaqsxGUZ4bh3pItSgSFwHjLGPrvADS11qJUkk39eQQBzQ=="],

    "@oxlint/linux-x64-musl": ["@oxlint/linux-x64-musl@1.32.0", "", { "os": "linux", "cpu": "x64" }, "sha512-qwQlwYYgVIC6ScjpUwiKKNyVdUlJckrfwPVpIjC9mvglIQeIjKuuyaDxUZWIOc/rEzeCV/tW6tcbehLkfEzqsw=="],

    "@oxlint/win32-arm64": ["@oxlint/win32-arm64@1.32.0", "", { "os": "win32", "cpu": "arm64" }, "sha512-7qYZF9CiXGtdv8Z/fBkgB5idD2Zokht67I5DKWH0fZS/2R232sDqW2JpWVkXltk0+9yFvmvJ0ouJgQRl9M3S2g=="],

    "@oxlint/win32-x64": ["@oxlint/win32-x64@1.32.0", "", { "os": "win32", "cpu": "x64" }, "sha512-XW1xqCj34MEGJlHteqasTZ/LmBrwYIgluhNW0aP+XWkn90+stKAq3W/40dvJKbMK9F7o09LPCuMVtUW7FIUuiA=="],

    "@pinojs/redact": ["@pinojs/redact@0.4.0", "", {}, "sha512-k2ENnmBugE/rzQfEcdWHcCY+/FM3VLzH9cYEsbdsoqrvzAKRhUZeRNhAZvB8OitQJ1TBed3yqWtdjzS6wJKBwg=="],

    "@types/bun": ["@types/bun@1.3.4", "", { "dependencies": { "bun-types": "1.3.4" } }, "sha512-EEPTKXHP+zKGPkhRLv+HI0UEX8/o+65hqARxLy8Ov5rIxMBPNTjeZww00CIihrIQGEQBYg+0roO5qOnS/7boGA=="],

    "@types/js-yaml": ["@types/js-yaml@4.0.9", "", {}, "sha512-k4MGaQl5TGo/iipqb2UDG2UwjXziSWkh0uysQelTlJpX1qGlpUZYm8PnO4DxG1qBomtJUdYJ6qR6xdIah10JLg=="],

    "@types/node": ["@types/node@20.10.6", "", { "dependencies": { "undici-types": "~5.26.4" } }, "sha512-Vac8H+NlRNNlAmDfGUP7b5h/KA+AtWIzuXy0E6OyP8f1tCLYAtPvKRRDJjAPqhpCb0t6U2j7/xqAuLEebW2kiw=="],

    "ajv": ["ajv@8.17.1", "", { "dependencies": { "fast-deep-equal": "^3.1.3", "fast-uri": "^3.0.1", "json-schema-traverse": "^1.0.0", "require-from-string": "^2.0.2" } }, "sha512-B/gBuNg5SiMTrPkC+A2+cW0RszwxYmn6VYxB/inlBStS5nx6xHIt/ehKRhIMhqusl7a8LjQoZnjCs5vhwxOQ1g=="],

    "ajv-formats": ["ajv-formats@2.1.1", "", { "dependencies": { "ajv": "^8.0.0" } }, "sha512-Wx0Kx52hxE7C18hkMEggYlEifqWZtYaRgouJor+WMdPnQyEK13vgEWyVNup7SoeeoLMsr4kf5h6dOW11I15MUA=="],

    "argparse": ["argparse@2.0.1", "", {}, "sha512-8+9WqebbFzpX9OR+Wa6O29asIogeRMzcGtAINdpMHHyAg10f05aSFVBbcEqGf/PXw1EjAZ+q2/bEBg3DvurK3Q=="],

    "atomic-sleep": ["atomic-sleep@1.0.0", "", {}, "sha512-kNOjDqAh7px0XWNI+4QbzoiR/nTkHAWNud2uvnJquD1/x5a7EQZMJT0AczqK0Qn67oY/TTQ1LbUKajZpp3I9tQ=="],

    "before-after-hook": ["before-after-hook@4.0.0", "", {}, "sha512-q6tR3RPqIB1pMiTRMFcZwuG5T8vwp+vUvEG0vuI6B+Rikh5BfPp2fQ82c925FOs+b0lcFQ8CFrL+KbilfZFhOQ=="],

    "bun-types": ["bun-types@1.3.4", "", { "dependencies": { "@types/node": "*" } }, "sha512-5ua817+BZPZOlNaRgGBpZJOSAQ9RQ17pkwPD0yR7CfJg+r8DgIILByFifDTa+IPDDxzf5VNhtNlcKqFzDgJvlQ=="],

    "cac": ["cac@6.7.14", "", {}, "sha512-b6Ilus+c3RrdDk+JhLKUAQfzzgLEPy6wcXqS7f/xe1EETvsDP6GORG7SFuOs6cID5YkqchW/LXZbX5bc8j7ZcQ=="],

    "fast-content-type-parse": ["fast-content-type-parse@3.0.0", "", {}, "sha512-ZvLdcY8P+N8mGQJahJV5G4U88CSvT1rP8ApL6uETe88MBXrBHAkZlSEySdUlyztF7ccb+Znos3TFqaepHxdhBg=="],

    "fast-deep-equal": ["fast-deep-equal@3.1.3", "", {}, "sha512-f3qQ9oQy9j2AhBe/H9VC91wLmKBCCU/gDOnKNAYG5hswO7BLKj09Hc5HYNz9cGI++xlpDCIgDaitVs03ATR84Q=="],

    "fast-uri": ["fast-uri@3.1.0", "", {}, "sha512-iPeeDKJSWf4IEOasVVrknXpaBV0IApz/gp7S2bb7Z4Lljbl2MGJRqInZiUrQwV16cpzw/D3S5j5Julj/gT52AA=="],

    "js-yaml": ["js-yaml@4.1.1", "", { "dependencies": { "argparse": "^2.0.1" }, "bin": { "js-yaml": "bin/js-yaml.js" } }, "sha512-qQKT4zQxXl8lLwBtHMWwaTcGfFOZviOJet3Oy/xmGk2gZH677CJM9EvtfdSkgWcATZhj/55JZ0rmy3myCT5lsA=="],

    "json-schema-traverse": ["json-schema-traverse@1.0.0", "", {}, "sha512-NM8/P9n3XjXhIZn1lLhkFaACTOURQXjWhV4BA/RnOv8xvgqtqpAX9IO4mRQxSx1Rlo4tqzeqb0sOlruaOy3dug=="],

    "lodash.merge": ["lodash.merge@4.6.2", "", {}, "sha512-0KpjqXRVvrYyCsX1swR/XTK0va6VQkQM6MNo7PqW77ByjAhoARA8EfrP1N4+KlKj8YS0ZUCtRT/YUuhyYDujIQ=="],

    "on-exit-leak-free": ["on-exit-leak-free@2.1.2", "", {}, "sha512-0eJJY6hXLGf1udHwfNftBqH+g73EU4B504nZeKpz1sYRKafAghwxEJunB2O7rDZkL4PGfsMVnTXZ2EjibbqcsA=="],

    "openapi-schema-validator": ["openapi-schema-validator@12.1.3", "", { "dependencies": { "ajv": "^8.1.0", "ajv-formats": "^2.0.2", "lodash.merge": "^4.6.1", "openapi-types": "^12.1.3" } }, "sha512-xTHOmxU/VQGUgo7Cm0jhwbklOKobXby+/237EG967+3TQEYJztMgX9Q5UE2taZKwyKPUq0j11dngpGjUuxz1hQ=="],

    "openapi-types": ["openapi-types@12.1.3", "", {}, "sha512-N4YtSYJqghVu4iek2ZUvcN/0aqH1kRDuNqzcycDxhOUpg7GdvLa2F3DgS6yBNhInhv2r/6I0Flkn7CqL8+nIcw=="],

    "oxfmt": ["oxfmt@0.17.0", "", { "optionalDependencies": { "@oxfmt/darwin-arm64": "0.17.0", "@oxfmt/darwin-x64": "0.17.0", "@oxfmt/linux-arm64-gnu": "0.17.0", "@oxfmt/linux-arm64-musl": "0.17.0", "@oxfmt/linux-x64-gnu": "0.17.0", "@oxfmt/linux-x64-musl": "0.17.0", "@oxfmt/win32-arm64": "0.17.0", "@oxfmt/win32-x64": "0.17.0" }, "bin": { "oxfmt": "bin/oxfmt" } }, "sha512-12Rmq2ub61rUZ3Pqnsvmo99rRQ6hQJwQsjnFnbvXYLMrlIsWT6SFVsrjAkBBrkXXSHv8ePIpKQ0nZph5KDrOqw=="],

    "oxlint": ["oxlint@1.32.0", "", { "optionalDependencies": { "@oxlint/darwin-arm64": "1.32.0", "@oxlint/darwin-x64": "1.32.0", "@oxlint/linux-arm64-gnu": "1.32.0", "@oxlint/linux-arm64-musl": "1.32.0", "@oxlint/linux-x64-gnu": "1.32.0", "@oxlint/linux-x64-musl": "1.32.0", "@oxlint/win32-arm64": "1.32.0", "@oxlint/win32-x64": "1.32.0" }, "peerDependencies": { "oxlint-tsgolint": ">=0.8.1" }, "optionalPeers": ["oxlint-tsgolint"], "bin": { "oxlint": "bin/oxlint", "oxc_language_server": "bin/oxc_language_server" } }, "sha512-HYDQCga7flsdyLMUIxTgSnEx5KBxpP9VINB8NgO+UjV80xBiTQXyVsvjtneMT3ZBLMbL0SlG/Dm03XQAsEshMA=="],

    "oxlint-tsgolint": ["oxlint-tsgolint@0.8.4", "", { "optionalDependencies": { "@oxlint-tsgolint/darwin-arm64": "0.8.4", "@oxlint-tsgolint/darwin-x64": "0.8.4", "@oxlint-tsgolint/linux-arm64": "0.8.4", "@oxlint-tsgolint/linux-x64": "0.8.4", "@oxlint-tsgolint/win32-arm64": "0.8.4", "@oxlint-tsgolint/win32-x64": "0.8.4" }, "bin": { "tsgolint": "bin/tsgolint.js" } }, "sha512-0eyQ83M0JpeA8a4SPk61xwxBw+N9jMolDCLmzoD9J8HcL3BGTEcOLb5Ud7nCcmM3hSYzO91RqNPHayESG+os2A=="],

    "pino": ["pino@10.1.0", "", { "dependencies": { "@pinojs/redact": "^0.4.0", "atomic-sleep": "^1.0.0", "on-exit-leak-free": "^2.1.0", "pino-abstract-transport": "^2.0.0", "pino-std-serializers": "^7.0.0", "process-warning": "^5.0.0", "quick-format-unescaped": "^4.0.3", "real-require": "^0.2.0", "safe-stable-stringify": "^2.3.1", "sonic-boom": "^4.0.1", "thread-stream": "^3.0.0" }, "bin": { "pino": "bin.js" } }, "sha512-0zZC2ygfdqvqK8zJIr1e+wT1T/L+LF6qvqvbzEQ6tiMAoTqEVK9a1K3YRu8HEUvGEvNqZyPJTtb2sNIoTkB83w=="],

    "pino-abstract-transport": ["pino-abstract-transport@2.0.0", "", { "dependencies": { "split2": "^4.0.0" } }, "sha512-F63x5tizV6WCh4R6RHyi2Ml+M70DNRXt/+HANowMflpgGFMAym/VKm6G7ZOQRjqN7XbGxK1Lg9t6ZrtzOaivMw=="],

    "pino-std-serializers": ["pino-std-serializers@7.0.0", "", {}, "sha512-e906FRY0+tV27iq4juKzSYPbUj2do2X2JX4EzSca1631EB2QJQUqGbDuERal7LCtOpxl6x3+nvo9NPZcmjkiFA=="],

    "process-warning": ["process-warning@5.0.0", "", {}, "sha512-a39t9ApHNx2L4+HBnQKqxxHNs1r7KF+Intd8Q/g1bUh6q0WIp9voPXJ/x0j+ZL45KF1pJd9+q2jLIRMfvEshkA=="],

    "quick-format-unescaped": ["quick-format-unescaped@4.0.4", "", {}, "sha512-tYC1Q1hgyRuHgloV/YXs2w15unPVh8qfu/qCTfhTYamaw7fyhumKa2yGpdSo87vY32rIclj+4fWYQXUMs9EHvg=="],

    "real-require": ["real-require@0.2.0", "", {}, "sha512-57frrGM/OCTLqLOAh0mhVA9VBMHd+9U7Zb2THMGdBUoZVOtGbJzjxsYGDJ3A9AYYCP4hn6y1TVbaOfzWtm5GFg=="],

    "require-from-string": ["require-from-string@2.0.2", "", {}, "sha512-Xf0nWe6RseziFMu+Ap9biiUbmplq6S9/p+7w7YXP/JBHhrUDDUhwa+vANyubuqfZWTveU//DYVGsDG7RKL/vEw=="],

    "safe-stable-stringify": ["safe-stable-stringify@2.5.0", "", {}, "sha512-b3rppTKm9T+PsVCBEOUR46GWI7fdOs00VKZ1+9c1EWDaDMvjQc6tUwuFyIprgGgTcWoVHSKrU8H31ZHA2e0RHA=="],

    "sonic-boom": ["sonic-boom@4.2.0", "", { "dependencies": { "atomic-sleep": "^1.0.0" } }, "sha512-INb7TM37/mAcsGmc9hyyI6+QR3rR1zVRu36B0NeGXKnOOLiZOfER5SA+N7X7k3yUYRzLWafduTDvJAfDswwEww=="],

    "split2": ["split2@4.2.0", "", {}, "sha512-UcjcJOWknrNkF6PLX83qcHM6KHgVKNkV62Y8a5uYDVv9ydGQVwAHMKqHdJje1VTWpljG0WYpCDhrCdAOYH4TWg=="],

    "thread-stream": ["thread-stream@3.1.0", "", { "dependencies": { "real-require": "^0.2.0" } }, "sha512-OqyPZ9u96VohAyMfJykzmivOrY2wfMSf3C5TtFJVgN+Hm6aj+voFhlK+kZEIv2FBh1X6Xp3DlnCOfEQ3B2J86A=="],

    "typescript": ["typescript@5.9.3", "", { "bin": { "tsc": "bin/tsc", "tsserver": "bin/tsserver" } }, "sha512-jl1vZzPDinLr9eUt3J/t7V6FgNEw9QjvBPdysz9KfQDD41fQrC2Y4vKQdiaUpFT4bXlb1RHhLpp8wtm6M5TgSw=="],

    "undici-types": ["undici-types@5.26.5", "", {}, "sha512-JlCMO+ehdEIKqlFxk6IfVoAUVmgz7cU7zD/h9XZ0qzeosSHmUJVOzSQvvYSYWXkFXC+IfLKSIffhv0sVZup6pA=="],

    "universal-user-agent": ["universal-user-agent@7.0.3", "", {}, "sha512-TmnEAEAsBJVZM/AADELsK76llnwcf9vMKuPz8JflO1frO8Lchitr0fNaN9d+Ap0BjKtqWqd/J17qeDnXh8CL2A=="],

    "yaml": ["yaml@2.8.2", "", { "bin": { "yaml": "bin.mjs" } }, "sha512-mplynKqc1C2hTVYxd0PU2xQAc22TI1vShAYGksCCfxbn/dFwnHTNi1bvYsBTkhdUNtGIf5xNOg938rrSSYvS9A=="],
  }
}
